{
  "object": {
    "pins": [
      {
        "package": "SnapshotTesting",
        "repositoryURL": "https://github.com/pointfreeco/swift-snapshot-testing.git",
        "state": {
          "branch": null,
          "revision": "0259c2fbd69c7bfaa34b0b86280496f84653e396",
          "version": null
        }
      }
    ]
  },
  "version": 1
}
